{
  "name": "Portfolio",
  "lockfileVersion": 3,
  "requires": true,
  "packages": {
    "": {
      "dependencies": {
        "@tinymce/tinymce-angular": "^7.0.0",
        "tinymce": "^6.8.2"
      },
      "devDependencies": {
        "@types/three": "^0.156.0"
      }
    },
    "node_modules/@tinymce/tinymce-angular": {
      "version": "7.0.0",
      "resolved": "https://registry.npmjs.org/@tinymce/tinymce-angular/-/tinymce-angular-7.0.0.tgz",
      "integrity": "sha512-IKNaG/ihlxE1XCfq6lzULbnsqZO9KNJtlpu5jo6JDJDL9zcFzj/N2A16Kk7rTj1yfmDoB1IXAk/BpMOvgDY8cg==",
      "dependencies": {
        "tinymce": "^6.0.0 || ^5.5.0",
        "tslib": "^2.3.0"
      },
      "peerDependencies": {
        "@angular/common": ">=14.0.0",
        "@angular/core": ">=14.0.0",
        "@angular/forms": ">=14.0.0"
      }
    },
    "node_modules/@types/stats.js": {
      "version": "0.17.0",
      "resolved": "https://registry.npmjs.org/@types/stats.js/-/stats.js-0.17.0.tgz",
      "integrity": "sha512-9w+a7bR8PeB0dCT/HBULU2fMqf6BAzvKbxFboYhmDtDkKPiyXYbjoe2auwsXlEFI7CFNMF1dCv3dFH5Poy9R1w==",
      "dev": true
    },
    "node_modules/@types/three": {
      "version": "0.156.0",
      "resolved": "https://registry.npmjs.org/@types/three/-/three-0.156.0.tgz",
      "integrity": "sha512-733bXDSRdlrxqOmQuOmfC1UBRuJ2pREPk8sWnx9MtIJEVDQMx8U0NQO5MVVaOrjzDPyLI+cFPim2X/ss9v0+LQ==",
      "dev": true,
      "dependencies": {
        "@types/stats.js": "*",
        "@types/webxr": "*",
        "fflate": "~0.6.10",
        "meshoptimizer": "~0.18.1"
      }
    },
    "node_modules/@types/webxr": {
      "version": "0.5.4",
      "resolved": "https://registry.npmjs.org/@types/webxr/-/webxr-0.5.4.tgz",
      "integrity": "sha512-41gfGLTtqXZhcmoDlLDHqMJDuwAMwhHwXf9Q2job3TUBsvkNfPNI/3IWVEtLH4tyY1ElWtfwIaoNeqeEX238/Q==",
      "dev": true
    },
    "node_modules/fflate": {
      "version": "0.6.10",
      "resolved": "https://registry.npmjs.org/fflate/-/fflate-0.6.10.tgz",
      "integrity": "sha512-IQrh3lEPM93wVCEczc9SaAOvkmcoQn/G8Bo1e8ZPlY3X3bnAxWaBdvTdvM1hP62iZp0BXWDy4vTAy4fF0+Dlpg==",
      "dev": true
    },
    "node_modules/meshoptimizer": {
      "version": "0.18.1",
      "resolved": "https://registry.npmjs.org/meshoptimizer/-/meshoptimizer-0.18.1.tgz",
      "integrity": "sha512-ZhoIoL7TNV4s5B6+rx5mC//fw8/POGyNxS/DZyCJeiZ12ScLfVwRE/GfsxwiTkMYYD5DmK2/JXnEVXqL4rF+Sw==",
      "dev": true
    },
    "node_modules/tinymce": {
      "version": "6.8.2",
      "resolved": "https://registry.npmjs.org/tinymce/-/tinymce-6.8.2.tgz",
      "integrity": "sha512-Lho79o2Y1Yn+XdlTEkHTEkEmzwYWTXz7IUsvPwxJF3VTtgHUIAAuBab29kik+f2KED3rZvQavr9D7sHVMJ9x4A=="
    },
    "node_modules/tslib": {
      "version": "2.6.2",
      "resolved": "https://registry.npmjs.org/tslib/-/tslib-2.6.2.tgz",
      "integrity": "sha512-AEYxH93jGFPn/a2iVAwW87VuUIkR1FVUKB77NwMF7nBTDkDrrT/Hpt/IrCJ0QXhW27jTBDcf5ZY7w6RiqTMw2Q=="
    }
  }
}
